
Microsoft Visual Studio Solution File, Format Version 12.00
# Visual Studio Version 16
VisualStudioVersion = 16.0.30711.63
MinimumVisualStudioVersion = 10.0.40219.1
Project("{9A19103F-16F7-4668-BE54-9A1E7A4F7556}") = "EfCorePlayground.Data", "EfCorePlayground.Data\EfCorePlayground.Data.csproj", "{CCEE552A-8C3E-448D-94B9-95534571F0A3}"
EndProject
Project("{9A19103F-16F7-4668-BE54-9A1E7A4F7556}") = "EfCorePlayground.Core", "EfCorePlayground.Core\EfCorePlayground.Core.csproj", "{BF88AE52-0E52-4041-846F-B8E80D5D600D}"
EndProject
Project("{9A19103F-16F7-4668-BE54-9A1E7A4F7556}") = "EfCorePlayground.Common", "EfCorePlayground.Common\EfCorePlayground.Common.csproj", "{C7721FB3-9ACD-444D-A116-D701B8EDE458}"
EndProject
Global
	GlobalSection(SolutionConfigurationPlatforms) = preSolution
		Debug|Any CPU = Debug|Any CPU
		Release|Any CPU = Release|Any CPU
	EndGlobalSection
	GlobalSection(ProjectConfigurationPlatforms) = postSolution
		{CCEE552A-8C3E-448D-94B9-95534571F0A3}.Debug|Any CPU.ActiveCfg = Debug|Any CPU
		{CCEE552A-8C3E-448D-94B9-95534571F0A3}.Debug|Any CPU.Build.0 = Debug|Any CPU
		{CCEE552A-8C3E-448D-94B9-95534571F0A3}.Release|Any CPU.ActiveCfg = Release|Any CPU
		{CCEE552A-8C3E-448D-94B9-95534571F0A3}.Release|Any CPU.Build.0 = Release|Any CPU
		{BF88AE52-0E52-4041-846F-B8E80D5D600D}.Debug|Any CPU.ActiveCfg = Debug|Any CPU
		{BF88AE52-0E52-4041-846F-B8E80D5D600D}.Debug|Any CPU.Build.0 = Debug|Any CPU
		{BF88AE52-0E52-4041-846F-B8E80D5D600D}.Release|Any CPU.ActiveCfg = Release|Any CPU
		{BF88AE52-0E52-4041-846F-B8E80D5D600D}.Release|Any CPU.Build.0 = Release|Any CPU
		{C7721FB3-9ACD-444D-A116-D701B8EDE458}.Debug|Any CPU.ActiveCfg = Debug|Any CPU
		{C7721FB3-9ACD-444D-A116-D701B8EDE458}.Debug|Any CPU.Build.0 = Debug|Any CPU
		{C7721FB3-9ACD-444D-A116-D701B8EDE458}.Release|Any CPU.ActiveCfg = Release|Any CPU
		{C7721FB3-9ACD-444D-A116-D701B8EDE458}.Release|Any CPU.Build.0 = Release|Any CPU
	EndGlobalSection
	GlobalSection(SolutionProperties) = preSolution
		HideSolutionNode = FALSE
	EndGlobalSection
	GlobalSection(ExtensibilityGlobals) = postSolution
		SolutionGuid = {BCC0D11F-9739-479E-8F46-01E1F424743D}
	EndGlobalSection
EndGlobal
